// !$*UTF8*$!
{
	archiveVersion = 1;
	classes = {
	};
	objectVersion = 48;
	objects = {

/* Begin PBXBuildFile section */
		04235DD3216779400071EADA /* AppDelegate.swift in Sources */ = {isa = PBXBuildFile; fileRef = 04235DD2216779400071EADA /* AppDelegate.swift */; };
		04235DD5216779400071EADA /* ViewController.swift in Sources */ = {isa = PBXBuildFile; fileRef = 04235DD4216779400071EADA /* ViewController.swift */; };
		04235DD8216779400071EADA /* Main.storyboard in Resources */ = {isa = PBXBuildFile; fileRef = 04235DD6216779400071EADA /* Main.storyboard */; };
		04235DDA216779400071EADA /* Assets.xcassets in Resources */ = {isa = PBXBuildFile; fileRef = 04235DD9216779400071EADA /* Assets.xcassets */; };
		04235DDD216779400071EADA /* LaunchScreen.storyboard in Resources */ = {isa = PBXBuildFile; fileRef = 04235DDB216779400071EADA /* LaunchScreen.storyboard */; };
		04235DE8216780780071EADA /* Class_Weather.swift in Sources */ = {isa = PBXBuildFile; fileRef = 04235DE7216780780071EADA /* Class_Weather.swift */; };
		F4569A58B8B759F992DE6A36 /* Pods_WeatherApp2.framework in Frameworks */ = {isa = PBXBuildFile; fileRef = 6C99FED809DF5C7BEF2359E6 /* Pods_WeatherApp2.framework */; };
/* End PBXBuildFile section */

/* Begin PBXFileReference section */
		04235DCF216779400071EADA /* WeatherApp2.app */ = {isa = PBXFileReference; explicitFileType = wrapper.application; includeInIndex = 0; path = WeatherApp2.app; sourceTree = BUILT_PRODUCTS_DIR; };
		04235DD2216779400071EADA /* AppDelegate.swift */ = {isa = PBXFileReference; lastKnownFileType = sourcecode.swift; path = AppDelegate.swift; sourceTree = "<group>"; };
		04235DD4216779400071EADA /* ViewController.swift */ = {isa = PBXFileReference; lastKnownFileType = sourcecode.swift; path = ViewController.swift; sourceTree = "<group>"; };
		04235DD7216779400071EADA /* Base */ = {isa = PBXFileReference; lastKnownFileType = file.storyboard; name = Base; path = Base.lproj/Main.storyboard; sourceTree = "<group>"; };
		04235DD9216779400071EADA /* Assets.xcassets */ = {isa = PBXFileReference; lastKnownFileType = folder.assetcatalog; path = Assets.xcassets; sourceTree = "<group>"; };
		04235DDC216779400071EADA /* Base */ = {isa = PBXFileReference; lastKnownFileType = file.storyboard; name = Base; path = Base.lproj/LaunchScreen.storyboard; sourceTree = "<group>"; };
		04235DDE216779400071EADA /* Info.plist */ = {isa = PBXFileReference; lastKnownFileType = text.plist.xml; path = Info.plist; sourceTree = "<group>"; };
		04235DE7216780780071EADA /* Class_Weather.swift */ = {isa = PBXFileReference; lastKnownFileType = sourcecode.swift; path = Class_Weather.swift; sourceTree = "<group>"; };
		39BBCA03807DEAF7DC056ABF /* Pods-WeatherApp2.debug.xcconfig */ = {isa = PBXFileReference; includeInIndex = 1; lastKnownFileType = text.xcconfig; name = "Pods-WeatherApp2.debug.xcconfig"; path = "Pods/Target Support Files/Pods-WeatherApp2/Pods-WeatherApp2.debug.xcconfig"; sourceTree = "<group>"; };
		6C99FED809DF5C7BEF2359E6 /* Pods_WeatherApp2.framework */ = {isa = PBXFileReference; explicitFileType = wrapper.framework; includeInIndex = 0; path = Pods_WeatherApp2.framework; sourceTree = BUILT_PRODUCTS_DIR; };
		FCBB3F0FC0C84739351F95C3 /* Pods-WeatherApp2.release.xcconfig */ = {isa = PBXFileReference; includeInIndex = 1; lastKnownFileType = text.xcconfig; name = "Pods-WeatherApp2.release.xcconfig"; path = "Pods/Target Support Files/Pods-WeatherApp2/Pods-WeatherApp2.release.xcconfig"; sourceTree = "<group>"; };
/* End PBXFileReference section */

/* Begin PBXFrameworksBuildPhase section */
		04235DCC216779400071EADA /* Frameworks */ = {
			isa = PBXFrameworksBuildPhase;
			buildActionMask = 2147483647;
			files = (
				F4569A58B8B759F992DE6A36 /* Pods_WeatherApp2.framework in Frameworks */,
			);
			runOnlyForDeploymentPostprocessing = 0;
		};
/* End PBXFrameworksBuildPhase section */

/* Begin PBXGroup section */
		04235DC6216779400071EADA = {
			isa = PBXGroup;
			children = (
				04235DD1216779400071EADA /* WeatherApp2 */,
				04235DD0216779400071EADA /* Products */,
				1CEC434F4308A73416918F09 /* Pods */,
				339A258A2F9FCD1DB1C3AE37 /* Frameworks */,
			);
			sourceTree = "<group>";
		};
		04235DD0216779400071EADA /* Products */ = {
			isa = PBXGroup;
			children = (
				04235DCF216779400071EADA /* WeatherApp2.app */,
			);
			name = Products;
			sourceTree = "<group>";
		};
		04235DD1216779400071EADA /* WeatherApp2 */ = {
			isa = PBXGroup;
			children = (
				04235DE421677B930071EADA /* Model */,
				04235DE521677B9C0071EADA /* View */,
				04235DE621677BA70071EADA /* Controller */,
				04235DD2216779400071EADA /* AppDelegate.swift */,
				04235DD9216779400071EADA /* Assets.xcassets */,
				04235DDE216779400071EADA /* Info.plist */,
			);
			path = WeatherApp2;
			sourceTree = "<group>";
		};
		04235DE421677B930071EADA /* Model */ = {
			isa = PBXGroup;
			children = (
				04235DE7216780780071EADA /* Class_Weather.swift */,
			);
			path = Model;
			sourceTree = "<group>";
		};
		04235DE521677B9C0071EADA /* View */ = {
			isa = PBXGroup;
			children = (
				04235DD6216779400071EADA /* Main.storyboard */,
				04235DDB216779400071EADA /* LaunchScreen.storyboard */,
			);
			name = View;
			sourceTree = "<group>";
		};
		04235DE621677BA70071EADA /* Controller */ = {
			isa = PBXGroup;
			children = (
				04235DD4216779400071EADA /* ViewController.swift */,
			);
			name = Controller;
			sourceTree = "<group>";
		};
		1CEC434F4308A73416918F09 /* Pods */ = {
			isa = PBXGroup;
			children = (
				39BBCA03807DEAF7DC056ABF /* Pods-WeatherApp2.debug.xcconfig */,
				FCBB3F0FC0C84739351F95C3 /* Pods-WeatherApp2.release.xcconfig */,
			);
			name = Pods;
			sourceTree = "<group>";
		};
		339A258A2F9FCD1DB1C3AE37 /* Frameworks */ = {
			isa = PBXGroup;
			children = (
				6C99FED809DF5C7BEF2359E6 /* Pods_WeatherApp2.framework */,
			);
			name = Frameworks;
			sourceTree = "<group>";
		};
/* End PBXGroup section */

/* Begin PBXNativeTarget section */
		04235DCE216779400071EADA /* WeatherApp2 */ = {
			isa = PBXNativeTarget;
			buildConfigurationList = 04235DE1216779400071EADA /* Build configuration list for PBXNativeTarget "WeatherApp2" */;
			buildPhases = (
				7E473B0DE89ED9B5A3AAD257 /* [CP] Check Pods Manifest.lock */,
				04235DCB216779400071EADA /* Sources */,
				04235DCC216779400071EADA /* Frameworks */,
				04235DCD216779400071EADA /* Resources */,
				D51F8DB469DD19E0F13D75D2 /* [CP] Embed Pods Frameworks */,
			);
			buildRules = (
			);
			dependencies = (
			);
			name = WeatherApp2;
			productName = WeatherApp2;
			productReference = 04235DCF216779400071EADA /* WeatherApp2.app */;
			productType = "com.apple.product-type.application";
		};
/* End PBXNativeTarget section */

/* Begin PBXProject section */
		04235DC7216779400071EADA /* Project object */ = {
			isa = PBXProject;
			attributes = {
				LastSwiftUpdateCheck = 0920;
				LastUpgradeCheck = 0920;
				ORGANIZATIONNAME = mac;
				TargetAttributes = {
					04235DCE216779400071EADA = {
						CreatedOnToolsVersion = 9.2;
						ProvisioningStyle = Automatic;
					};
				};
			};
			buildConfigurationList = 04235DCA216779400071EADA /* Build configuration list for PBXProject "WeatherApp2" */;
			compatibilityVersion = "Xcode 8.0";
			developmentRegion = en;
			hasScannedForEncodings = 0;
			knownRegions = (
				en,
				Base,
			);
			mainGroup = 04235DC6216779400071EADA;
			productRefGroup = 04235DD0216779400071EADA /* Products */;
			projectDirPath = "";
			projectRoot = "";
			targets = (
				04235DCE216779400071EADA /* WeatherApp2 */,
			);
		};
/* End PBXProject section */

/* Begin PBXResourcesBuildPhase section */
		04235DCD216779400071EADA /* Resources */ = {
			isa = PBXResourcesBuildPhase;
			buildActionMask = 2147483647;
			files = (
				04235DDD216779400071EADA /* LaunchScreen.storyboard in Resources */,
				04235DDA216779400071EADA /* Assets.xcassets in Resources */,
				04235DD8216779400071EADA /* Main.storyboard in Resources */,
			);
			runOnlyForDeploymentPostprocessing = 0;
		};
/* End PBXResourcesBuildPhase section */

/* Begin PBXShellScriptBuildPhase section */
		7E473B0DE89ED9B5A3AAD257 /* [CP] Check Pods Manifest.lock */ = {
			isa = PBXShellScriptBuildPhase;
			buildActionMask = 2147483647;
			files = (
			);
			inputPaths = (
				"${PODS_PODFILE_DIR_PATH}/Podfile.lock",
				"${PODS_ROOT}/Manifest.lock",
			);
			name = "[CP] Check Pods Manifest.lock";
			outputPaths = (
				"$(DERIVED_FILE_DIR)/Pods-WeatherApp2-checkManifestLockResult.txt",
			);
			runOnlyForDeploymentPostprocessing = 0;
			shellPath = /bin/sh;
			shellScript = "diff \"${PODS_PODFILE_DIR_PATH}/Podfile.lock\" \"${PODS_ROOT}/Manifest.lock\" > /dev/null\nif [ $? != 0 ] ; then\n    # print error to STDERR\n    echo \"error: The sandbox is not in sync with the Podfile.lock. Run 'pod install' or update your CocoaPods installation.\" >&2\n    exit 1\nfi\n# This output is used by Xcode 'outputs' to avoid re-running this script phase.\necho \"SUCCESS\" > \"${SCRIPT_OUTPUT_FILE_0}\"\n";
			showEnvVarsInLog = 0;
		};
		D51F8DB469DD19E0F13D75D2 /* [CP] Embed Pods Frameworks */ = {
			isa = PBXShellScriptBuildPhase;
			buildActionMask = 2147483647;
			files = (
			);
			inputPaths = (
				"${SRCROOT}/Pods/Target Support Files/Pods-WeatherApp2/Pods-WeatherApp2-frameworks.sh",
				"${BUILT_PRODUCTS_DIR}/ObjectMapper/ObjectMapper.framework",
			);
			name = "[CP] Embed Pods Frameworks";
			outputPaths = (
				"${TARGET_BUILD_DIR}/${FRAMEWORKS_FOLDER_PATH}/ObjectMapper.framework",
			);
			runOnlyForDeploymentPostprocessing = 0;
			shellPath = /bin/sh;
			shellScript = "\"${SRCROOT}/Pods/Target Support Files/Pods-WeatherApp2/Pods-WeatherApp2-frameworks.sh\"\n";
			showEnvVarsInLog = 0;
		};
/* End PBXShellScriptBuildPhase section */

/* Begin PBXSourcesBuildPhase section */
		04235DCB216779400071EADA /* Sources */ = {
			isa = PBXSourcesBuildPhase;
			buildActionMask = 2147483647;
			files = (
				04235DE8216780780071EADA /* Class_Weather.swift in Sources */,
				04235DD5216779400071EADA /* ViewController.swift in Sources */,
				04235DD3216779400071EADA /* AppDelegate.swift in Sources */,
			);
			runOnlyForDeploymentPostprocessing = 0;
		};
/* End PBXSourcesBuildPhase section */

/* Begin PBXVariantGroup section */
		04235DD6216779400071EADA /* Main.storyboard */ = {
			isa = PBXVariantGroup;
			children = (
				04235DD7216779400071EADA /* Base */,
			);
			name = Main.storyboard;
			sourceTree = "<group>";
		};
		04235DDB216779400071EADA /* LaunchScreen.storyboard */ = {
			isa = PBXVariantGroup;
			children = (
				04235DDC216779400071EADA /* Base */,
			);
			name = LaunchScreen.storyboard;
			sourceTree = "<group>";
		};
/* End PBXVariantGroup section */

/* Begin XCBuildConfiguration section */
		04235DDF216779400071EADA /* Debug */ = {
			isa = XCBuildConfiguration;
			buildSettings = {
				ALWAYS_SEARCH_USER_PATHS = NO;
				CLANG_ANALYZER_NONNULL = YES;
				CLANG_ANALYZER_NUMBER_OBJECT_CONVERSION = YES_AGGRESSIVE;
				CLANG_CXX_LANGUAGE_STANDARD = "gnu++14";
				CLANG_CXX_LIBRARY = "libc++";
				CLANG_ENABLE_MODULES = YES;
				CLANG_ENABLE_OBJC_ARC = YES;
				CLANG_WARN_BLOCK_CAPTURE_AUTORELEASING = YES;
				CLANG_WARN_BOOL_CONVERSION = YES;
				CLANG_WARN_COMMA = YES;
				CLANG_WARN_CONSTANT_CONVERSION = YES;
				CLANG_WARN_DIRECT_OBJC_ISA_USAGE = YES_ERROR;
				CLANG_WARN_DOCUMENTATION_COMMENTS = YES;
				CLANG_WARN_EMPTY_BODY = YES;
				CLANG_WARN_ENUM_CONVERSION = YES;
				CLANG_WARN_INFINITE_RECURSION = YES;
				CLANG_WARN_INT_CONVERSION = YES;
				CLANG_WARN_NON_LITERAL_NULL_CONVERSION = YES;
				CLANG_WARN_OBJC_LITERAL_CONVERSION = YES;
				CLANG_WARN_OBJC_ROOT_CLASS = YES_ERROR;
				CLANG_WARN_RANGE_LOOP_ANALYSIS = YES;
				CLANG_WARN_STRICT_PROTOTYPES = YES;
				CLANG_WARN_SUSPICIOUS_MOVE = YES;
				CLANG_WARN_UNGUARDED_AVAILABILITY = YES_AGGRESSIVE;
				CLANG_WARN_UNREACHABLE_CODE = YES;
				CLANG_WARN__DUPLICATE_METHOD_MATCH = YES;
				CODE_SIGN_IDENTITY = "iPhone Developer";
				COPY_PHASE_STRIP = NO;
				DEBUG_INFORMATION_FORMAT = dwarf;
				ENABLE_STRICT_OBJC_MSGSEND = YES;
				ENABLE_TESTABILITY = YES;
				GCC_C_LANGUAGE_STANDARD = gnu11;
				GCC_DYNAMIC_NO_PIC = NO;
				GCC_NO_COMMON_BLOCKS = YES;
				GCC_OPTIMIZATION_LEVEL = 0;
				GCC_PREPROCESSOR_DEFINITIONS = (
					"DEBUG=1",
					"$(inherited)",
				);
				GCC_WARN_64_TO_32_BIT_CONVERSION = YES;
				GCC_WARN_ABOUT_RETURN_TYPE = YES_ERROR;
				GCC_WARN_UNDECLARED_SELECTOR = YES;
				GCC_WARN_UNINITIALIZED_AUTOS = YES_AGGRESSIVE;
				GCC_WARN_UNUSED_FUNCTION = YES;
				GCC_WARN_UNUSED_VARIABLE = YES;
				IPHONEOS_DEPLOYMENT_TARGET = 11.2;
				MTL_ENABLE_DEBUG_INFO = YES;
				ONLY_ACTIVE_ARCH = YES;
				SDKROOT = iphoneos;
				SWIFT_ACTIVE_COMPILATION_CONDITIONS = DEBUG;
				SWIFT_OPTIMIZATION_LEVEL = "-Onone";
			};
			name = Debug;
		};
		04235DE0216779400071EADA /* Release */ = {
			isa = XCBuildConfiguration;
			buildSettings = {
				ALWAYS_SEARCH_USER_PATHS = NO;
				CLANG_ANALYZER_NONNULL = YES;
				CLANG_ANALYZER_NUMBER_OBJECT_CONVERSION = YES_AGGRESSIVE;
				CLANG_CXX_LANGUAGE_STANDARD = "gnu++14";
				CLANG_CXX_LIBRARY = "libc++";
				CLANG_ENABLE_MODULES = YES;
				CLANG_ENABLE_OBJC_ARC = YES;
				CLANG_WARN_BLOCK_CAPTURE_AUTORELEASING = YES;
				CLANG_WARN_BOOL_CONVERSION = YES;
				CLANG_WARN_COMMA = YES;
				CLANG_WARN_CONSTANT_CONVERSION = YES;
				CLANG_WARN_DIRECT_OBJC_ISA_USAGE = YES_ERROR;
				CLANG_WARN_DOCUMENTATION_COMMENTS = YES;
				CLANG_WARN_EMPTY_BODY = YES;
				CLANG_WARN_ENUM_CONVERSION = YES;
				CLANG_WARN_INFINITE_RECURSION = YES;
				CLANG_WARN_INT_CONVERSION = YES;
				CLANG_WARN_NON_LITERAL_NULL_CONVERSION = YES;
				CLANG_WARN_OBJC_LITERAL_CONVERSION = YES;
				CLANG_WARN_OBJC_ROOT_CLASS = YES_ERROR;
				CLANG_WARN_RANGE_LOOP_ANALYSIS = YES;
				CLANG_WARN_STRICT_PROTOTYPES = YES;
				CLANG_WARN_SUSPICIOUS_MOVE = YES;
				CLANG_WARN_UNGUARDED_AVAILABILITY = YES_AGGRESSIVE;
				CLANG_WARN_UNREACHABLE_CODE = YES;
				CLANG_WARN__DUPLICATE_METHOD_MATCH = YES;
				CODE_SIGN_IDENTITY = "iPhone Developer";
				COPY_PHASE_STRIP = NO;
				DEBUG_INFORMATION_FORMAT = "dwarf-with-dsym";
				ENABLE_NS_ASSERTIONS = NO;
				ENABLE_STRICT_OBJC_MSGSEND = YES;
				GCC_C_LANGUAGE_STANDARD = gnu11;
				GCC_NO_COMMON_BLOCKS = YES;
				GCC_WARN_64_TO_32_BIT_CONVERSION = YES;
				GCC_WARN_ABOUT_RETURN_TYPE = YES_ERROR;
				GCC_WARN_UNDECLARED_SELECTOR = YES;
				GCC_WARN_UNINITIALIZED_AUTOS = YES_AGGRESSIVE;
				GCC_WARN_UNUSED_FUNCTION = YES;
				GCC_WARN_UNUSED_VARIABLE = YES;
				IPHONEOS_DEPLOYMENT_TARGET = 11.2;
				MTL_ENABLE_DEBUG_INFO = NO;
				SDKROOT = iphoneos;
				SWIFT_OPTIMIZATION_LEVEL = "-Owholemodule";
				VALIDATE_PRODUCT = YES;
			};
			name = Release;
		};
		04235DE2216779400071EADA /* Debug */ = {
			isa = XCBuildConfiguration;
			baseConfigurationReference = 39BBCA03807DEAF7DC056ABF /* Pods-WeatherApp2.debug.xcconfig */;
			buildSettings = {
				ASSETCATALOG_COMPILER_APPICON_NAME = AppIcon;
				CODE_SIGN_STYLE = Automatic;
				DEVELOPMENT_TEAM = DJ94Y9HT46;
				INFOPLIST_FILE = WeatherApp2/Info.plist;
				LD_RUNPATH_SEARCH_PATHS = "$(inherited) @executable_path/Frameworks";
				PRODUCT_BUNDLE_IDENTIFIER = com.HocSwift.WeatherApp2;
				PRODUCT_NAME = "$(TARGET_NAME)";
				SWIFT_VERSION = 4.0;
				TARGETED_DEVICE_FAMILY = "1,2";
			};
			name = Debug;
		};
		04235DE3216779400071EADA /* Release */ = {
			isa = XCBuildConfiguration;
			baseConfigurationReference = FCBB3F0FC0C84739351F95C3 /* Pods-WeatherApp2.release.xcconfig */;
			buildSettings = {
				ASSETCATALOG_COMPILER_APPICON_NAME = AppIcon;
				CODE_SIGN_STYLE = Automatic;
				DEVELOPMENT_TEAM = DJ94Y9HT46;
				INFOPLIST_FILE = WeatherApp2/Info.plist;
				LD_RUNPATH_SEARCH_PATHS = "$(inherited) @executable_path/Frameworks";
				PRODUCT_BUNDLE_IDENTIFIER = com.HocSwift.WeatherApp2;
				PRODUCT_NAME = "$(TARGET_NAME)";
				SWIFT_VERSION = 4.0;
				TARGETED_DEVICE_FAMILY = "1,2";
			};
			name = Release;
		};
/* End XCBuildConfiguration section */

/* Begin XCConfigurationList section */
		04235DCA216779400071EADA /* Build configuration list for PBXProject "WeatherApp2" */ = {
			isa = XCConfigurationList;
			buildConfigurations = (
				04235DDF216779400071EADA /* Debug */,
				04235DE0216779400071EADA /* Release */,
			);
			defaultConfigurationIsVisible = 0;
			defaultConfigurationName = Release;
		};
		04235DE1216779400071EADA /* Build configuration list for PBXNativeTarget "WeatherApp2" */ = {
			isa = XCConfigurationList;
			buildConfigurations = (
				04235DE2216779400071EADA /* Debug */,
				04235DE3216779400071EADA /* Release */,
			);
			defaultConfigurationIsVisible = 0;
			defaultConfigurationName = Release;
		};
/* End XCConfigurationList section */
	};
	rootObject = 04235DC7216779400071EADA /* Project object */;
}
